{
  "name": "windhawk-mods",
  "lockfileVersion": 2,
  "requires": true,
  "packages": {
    "": {
      "devDependencies": {
        "@types/node": "^17.0.13"
      }
    },
    "node_modules/@types/node": {
      "version": "17.0.13",
      "resolved": "https://registry.npmjs.org/@types/node/-/node-17.0.13.tgz",
      "integrity": "sha512-Y86MAxASe25hNzlDbsviXl8jQHb0RDvKt4c40ZJQ1Don0AAL0STLZSs4N+6gLEO55pedy7r2cLwS+ZDxPm/2Bw==",
      "dev": true
    }
  },
  "dependencies": {
    "@types/node": {
      "version": "17.0.13",
      "resolved": "https://registry.npmjs.org/@types/node/-/node-17.0.13.tgz",
      "integrity": "sha512-Y86MAxASe25hNzlDbsviXl8jQHb0RDvKt4c40ZJQ1Don0AAL0STLZSs4N+6gLEO55pedy7r2cLwS+ZDxPm/2Bw==",
      "dev": true
    }
  }
}
